
Microsoft Visual Studio Solution File, Format Version 12.00
# Visual Studio for Mac
Project("{FAE04EC0-301F-11D3-BF4B-00C04F79EFBC}") = "Assembly-CSharp", "Assembly-CSharp.csproj", "{BB278A70-9DEB-DBA0-E4D2-ECCC2906BD9C}"
EndProject
Global
	GlobalSection(SolutionConfigurationPlatforms) = preSolution
		Debug|Any CPU = Debug|Any CPU
		Release|Any CPU = Release|Any CPU
	EndGlobalSection
	GlobalSection(ProjectConfigurationPlatforms) = postSolution
		{BB278A70-9DEB-DBA0-E4D2-ECCC2906BD9C}.Debug|Any CPU.ActiveCfg = Debug|Any CPU
		{BB278A70-9DEB-DBA0-E4D2-ECCC2906BD9C}.Debug|Any CPU.Build.0 = Debug|Any CPU
		{BB278A70-9DEB-DBA0-E4D2-ECCC2906BD9C}.Release|Any CPU.ActiveCfg = Release|Any CPU
		{BB278A70-9DEB-DBA0-E4D2-ECCC2906BD9C}.Release|Any CPU.Build.0 = Release|Any CPU
	EndGlobalSection
	GlobalSection(SolutionProperties) = preSolution
		HideSolutionNode = FALSE
	EndGlobalSection
EndGlobal
